// !$*UTF8*$!
{
	archiveVersion = 1;
	classes = {
	};
	objectVersion = 48;
	objects = {

/* Begin PBXBuildFile section */
		BB849F0320525C8E00F33E4E /* PokemonView.xib in Resources */ = {isa = PBXBuildFile; fileRef = BB849F0220525C8E00F33E4E /* PokemonView.xib */; };
		BBD8AFC22040E96A009F302F /* PokemonStat.swift in Sources */ = {isa = PBXBuildFile; fileRef = BBD8AFC12040E96A009F302F /* PokemonStat.swift */; };
		BBD8AFC62040EC08009F302F /* Name.swift in Sources */ = {isa = PBXBuildFile; fileRef = BBD8AFC52040EC08009F302F /* Name.swift */; };
		BBD8AFC820411735009F302F /* NetworkManagerService.swift in Sources */ = {isa = PBXBuildFile; fileRef = BBD8AFC720411735009F302F /* NetworkManagerService.swift */; };
		BBF8AE8D203BE7DB00CAB75F /* AppDelegate.swift in Sources */ = {isa = PBXBuildFile; fileRef = BBF8AE8C203BE7DB00CAB75F /* AppDelegate.swift */; };
		BBF8AE92203BE7DB00CAB75F /* Main.storyboard in Resources */ = {isa = PBXBuildFile; fileRef = BBF8AE90203BE7DB00CAB75F /* Main.storyboard */; };
		BBF8AE95203BE7DB00CAB75F /* Pokedex.xcdatamodeld in Sources */ = {isa = PBXBuildFile; fileRef = BBF8AE93203BE7DB00CAB75F /* Pokedex.xcdatamodeld */; };
		BBF8AE97203BE7DB00CAB75F /* Assets.xcassets in Resources */ = {isa = PBXBuildFile; fileRef = BBF8AE96203BE7DB00CAB75F /* Assets.xcassets */; };
		BBF8AE9A203BE7DB00CAB75F /* LaunchScreen.storyboard in Resources */ = {isa = PBXBuildFile; fileRef = BBF8AE98203BE7DB00CAB75F /* LaunchScreen.storyboard */; };
		BBF8AEA5203BE7DB00CAB75F /* PokedexTests.swift in Sources */ = {isa = PBXBuildFile; fileRef = BBF8AEA4203BE7DB00CAB75F /* PokedexTests.swift */; };
		BBF8AEB0203BE7F200CAB75F /* Pokemon.swift in Sources */ = {isa = PBXBuildFile; fileRef = BBF8AEAF203BE7F200CAB75F /* Pokemon.swift */; };
		BBF8AEB7203CC10400CAB75F /* NetworkManagerDelegate.swift in Sources */ = {isa = PBXBuildFile; fileRef = BBF8AEB6203CC10400CAB75F /* NetworkManagerDelegate.swift */; };
		BBF8AEBA203CC26400CAB75F /* NetworkManager.swift in Sources */ = {isa = PBXBuildFile; fileRef = BBF8AEB9203CC26400CAB75F /* NetworkManager.swift */; };
		BBF8AEBD203CD76500CAB75F /* PokeCollectionViewCell.swift in Sources */ = {isa = PBXBuildFile; fileRef = BBF8AEBB203CD76500CAB75F /* PokeCollectionViewCell.swift */; };
		BBF8AEBE203CD76500CAB75F /* PokeCollectionViewCell.xib in Resources */ = {isa = PBXBuildFile; fileRef = BBF8AEBC203CD76500CAB75F /* PokeCollectionViewCell.xib */; };
		BBF8AEC0203CD96200CAB75F /* PokedexViewController.swift in Sources */ = {isa = PBXBuildFile; fileRef = BBF8AEBF203CD96200CAB75F /* PokedexViewController.swift */; };
		BBF8AEC4203E25EB00CAB75F /* loadImage.swift in Sources */ = {isa = PBXBuildFile; fileRef = BBF8AEC3203E25EB00CAB75F /* loadImage.swift */; };
		BBF8AEC6203E38AF00CAB75F /* Type.swift in Sources */ = {isa = PBXBuildFile; fileRef = BBF8AEC5203E38AF00CAB75F /* Type.swift */; };
		BBF8AEC8203E422600CAB75F /* PokeViewController.swift in Sources */ = {isa = PBXBuildFile; fileRef = BBF8AEC7203E422600CAB75F /* PokeViewController.swift */; };
		BBF8AECA203F3CB400CAB75F /* Search.swift in Sources */ = {isa = PBXBuildFile; fileRef = BBF8AEC9203F3CB400CAB75F /* Search.swift */; };
		BBF8AECE203F660400CAB75F /* PokemonSpecies.swift in Sources */ = {isa = PBXBuildFile; fileRef = BBF8AECD203F660400CAB75F /* PokemonSpecies.swift */; };
		BBF8AED02040C72E00CAB75F /* FlavorText.swift in Sources */ = {isa = PBXBuildFile; fileRef = BBF8AECF2040C72E00CAB75F /* FlavorText.swift */; };
		BBF8AED22040C78600CAB75F /* Language.swift in Sources */ = {isa = PBXBuildFile; fileRef = BBF8AED12040C78600CAB75F /* Language.swift */; };
		C2455F5B20538D7D00FC158B /* DataPersistentManager.swift in Sources */ = {isa = PBXBuildFile; fileRef = C2455F5A20538D7D00FC158B /* DataPersistentManager.swift */; };
/* End PBXBuildFile section */

/* Begin PBXContainerItemProxy section */
		BBF8AEA1203BE7DB00CAB75F /* PBXContainerItemProxy */ = {
			isa = PBXContainerItemProxy;
			containerPortal = BBF8AE81203BE7DA00CAB75F /* Project object */;
			proxyType = 1;
			remoteGlobalIDString = BBF8AE88203BE7DA00CAB75F;
			remoteInfo = Pokedex;
		};
/* End PBXContainerItemProxy section */

/* Begin PBXFileReference section */
		BB849F0220525C8E00F33E4E /* PokemonView.xib */ = {isa = PBXFileReference; lastKnownFileType = file.xib; path = PokemonView.xib; sourceTree = "<group>"; };
		BBD8AFC12040E96A009F302F /* PokemonStat.swift */ = {isa = PBXFileReference; lastKnownFileType = sourcecode.swift; path = PokemonStat.swift; sourceTree = "<group>"; };
		BBD8AFC52040EC08009F302F /* Name.swift */ = {isa = PBXFileReference; lastKnownFileType = sourcecode.swift; path = Name.swift; sourceTree = "<group>"; };
		BBD8AFC720411735009F302F /* NetworkManagerService.swift */ = {isa = PBXFileReference; lastKnownFileType = sourcecode.swift; path = NetworkManagerService.swift; sourceTree = "<group>"; };
		BBF8AE89203BE7DB00CAB75F /* Pokedex.app */ = {isa = PBXFileReference; explicitFileType = wrapper.application; includeInIndex = 0; path = Pokedex.app; sourceTree = BUILT_PRODUCTS_DIR; };
		BBF8AE8C203BE7DB00CAB75F /* AppDelegate.swift */ = {isa = PBXFileReference; lastKnownFileType = sourcecode.swift; path = AppDelegate.swift; sourceTree = "<group>"; };
		BBF8AE91203BE7DB00CAB75F /* Base */ = {isa = PBXFileReference; lastKnownFileType = file.storyboard; name = Base; path = Base.lproj/Main.storyboard; sourceTree = "<group>"; };
		BBF8AE94203BE7DB00CAB75F /* Pokedex.xcdatamodel */ = {isa = PBXFileReference; lastKnownFileType = wrapper.xcdatamodel; path = Pokedex.xcdatamodel; sourceTree = "<group>"; };
		BBF8AE96203BE7DB00CAB75F /* Assets.xcassets */ = {isa = PBXFileReference; lastKnownFileType = folder.assetcatalog; path = Assets.xcassets; sourceTree = "<group>"; };
		BBF8AE99203BE7DB00CAB75F /* Base */ = {isa = PBXFileReference; lastKnownFileType = file.storyboard; name = Base; path = Base.lproj/LaunchScreen.storyboard; sourceTree = "<group>"; };
		BBF8AE9B203BE7DB00CAB75F /* Info.plist */ = {isa = PBXFileReference; lastKnownFileType = text.plist.xml; path = Info.plist; sourceTree = "<group>"; };
		BBF8AEA0203BE7DB00CAB75F /* PokedexTests.xctest */ = {isa = PBXFileReference; explicitFileType = wrapper.cfbundle; includeInIndex = 0; path = PokedexTests.xctest; sourceTree = BUILT_PRODUCTS_DIR; };
		BBF8AEA4203BE7DB00CAB75F /* PokedexTests.swift */ = {isa = PBXFileReference; lastKnownFileType = sourcecode.swift; path = PokedexTests.swift; sourceTree = "<group>"; };
		BBF8AEA6203BE7DB00CAB75F /* Info.plist */ = {isa = PBXFileReference; lastKnownFileType = text.plist.xml; path = Info.plist; sourceTree = "<group>"; };
		BBF8AEAF203BE7F200CAB75F /* Pokemon.swift */ = {isa = PBXFileReference; lastKnownFileType = sourcecode.swift; path = Pokemon.swift; sourceTree = "<group>"; };
		BBF8AEB6203CC10400CAB75F /* NetworkManagerDelegate.swift */ = {isa = PBXFileReference; lastKnownFileType = sourcecode.swift; path = NetworkManagerDelegate.swift; sourceTree = "<group>"; };
		BBF8AEB9203CC26400CAB75F /* NetworkManager.swift */ = {isa = PBXFileReference; lastKnownFileType = sourcecode.swift; path = NetworkManager.swift; sourceTree = "<group>"; };
		BBF8AEBB203CD76500CAB75F /* PokeCollectionViewCell.swift */ = {isa = PBXFileReference; lastKnownFileType = sourcecode.swift; path = PokeCollectionViewCell.swift; sourceTree = "<group>"; };
		BBF8AEBC203CD76500CAB75F /* PokeCollectionViewCell.xib */ = {isa = PBXFileReference; lastKnownFileType = file.xib; path = PokeCollectionViewCell.xib; sourceTree = "<group>"; };
		BBF8AEBF203CD96200CAB75F /* PokedexViewController.swift */ = {isa = PBXFileReference; lastKnownFileType = sourcecode.swift; path = PokedexViewController.swift; sourceTree = "<group>"; };
		BBF8AEC3203E25EB00CAB75F /* loadImage.swift */ = {isa = PBXFileReference; lastKnownFileType = sourcecode.swift; path = loadImage.swift; sourceTree = "<group>"; };
		BBF8AEC5203E38AF00CAB75F /* Type.swift */ = {isa = PBXFileReference; lastKnownFileType = sourcecode.swift; path = Type.swift; sourceTree = "<group>"; };
		BBF8AEC7203E422600CAB75F /* PokeViewController.swift */ = {isa = PBXFileReference; lastKnownFileType = sourcecode.swift; path = PokeViewController.swift; sourceTree = "<group>"; };
		BBF8AEC9203F3CB400CAB75F /* Search.swift */ = {isa = PBXFileReference; lastKnownFileType = sourcecode.swift; path = Search.swift; sourceTree = "<group>"; };
		BBF8AECD203F660400CAB75F /* PokemonSpecies.swift */ = {isa = PBXFileReference; lastKnownFileType = sourcecode.swift; path = PokemonSpecies.swift; sourceTree = "<group>"; };
		BBF8AECF2040C72E00CAB75F /* FlavorText.swift */ = {isa = PBXFileReference; lastKnownFileType = sourcecode.swift; path = FlavorText.swift; sourceTree = "<group>"; };
		BBF8AED12040C78600CAB75F /* Language.swift */ = {isa = PBXFileReference; lastKnownFileType = sourcecode.swift; path = Language.swift; sourceTree = "<group>"; };
		C2455F5A20538D7D00FC158B /* DataPersistentManager.swift */ = {isa = PBXFileReference; lastKnownFileType = sourcecode.swift; path = DataPersistentManager.swift; sourceTree = "<group>"; };
/* End PBXFileReference section */

/* Begin PBXFrameworksBuildPhase section */
		BBF8AE86203BE7DA00CAB75F /* Frameworks */ = {
			isa = PBXFrameworksBuildPhase;
			buildActionMask = 2147483647;
			files = (
			);
			runOnlyForDeploymentPostprocessing = 0;
		};
		BBF8AE9D203BE7DB00CAB75F /* Frameworks */ = {
			isa = PBXFrameworksBuildPhase;
			buildActionMask = 2147483647;
			files = (
			);
			runOnlyForDeploymentPostprocessing = 0;
		};
/* End PBXFrameworksBuildPhase section */

/* Begin PBXGroup section */
		BB849F04205308F000F33E4E /* Protocols */ = {
			isa = PBXGroup;
			children = (
				BBF8AEB6203CC10400CAB75F /* NetworkManagerDelegate.swift */,
			);
			path = Protocols;
			sourceTree = "<group>";
		};
		BBF8AE80203BE7DA00CAB75F = {
			isa = PBXGroup;
			children = (
				BBF8AEB8203CC16D00CAB75F /* Helpers */,
				BB849F04205308F000F33E4E /* Protocols */,
				C2455F5920538CE600FC158B /* Services */,
				BBF8AEB2203BE99E00CAB75F /* View */,
				BBF8AEB1203BE99500CAB75F /* Models */,
				BBF8AE8B203BE7DB00CAB75F /* Pokedex */,
				BBF8AEA3203BE7DB00CAB75F /* PokedexTests */,
				BBF8AE8A203BE7DB00CAB75F /* Products */,
			);
			sourceTree = "<group>";
		};
		BBF8AE8A203BE7DB00CAB75F /* Products */ = {
			isa = PBXGroup;
			children = (
				BBF8AE89203BE7DB00CAB75F /* Pokedex.app */,
				BBF8AEA0203BE7DB00CAB75F /* PokedexTests.xctest */,
			);
			name = Products;
			sourceTree = "<group>";
		};
		BBF8AE8B203BE7DB00CAB75F /* Pokedex */ = {
			isa = PBXGroup;
			children = (
				BBF8AEBF203CD96200CAB75F /* PokedexViewController.swift */,
				BBF8AEC7203E422600CAB75F /* PokeViewController.swift */,
				BBF8AE8C203BE7DB00CAB75F /* AppDelegate.swift */,
				BBF8AE96203BE7DB00CAB75F /* Assets.xcassets */,
				BBF8AE98203BE7DB00CAB75F /* LaunchScreen.storyboard */,
				BBF8AE9B203BE7DB00CAB75F /* Info.plist */,
				BBF8AE93203BE7DB00CAB75F /* Pokedex.xcdatamodeld */,
			);
			path = Pokedex;
			sourceTree = "<group>";
		};
		BBF8AEA3203BE7DB00CAB75F /* PokedexTests */ = {
			isa = PBXGroup;
			children = (
				BBF8AEA4203BE7DB00CAB75F /* PokedexTests.swift */,
				BBF8AEA6203BE7DB00CAB75F /* Info.plist */,
			);
			path = PokedexTests;
			sourceTree = "<group>";
		};
		BBF8AEB1203BE99500CAB75F /* Models */ = {
			isa = PBXGroup;
			children = (
				BBF8AEC9203F3CB400CAB75F /* Search.swift */,
				BBD8AFC52040EC08009F302F /* Name.swift */,
				BBF8AEAF203BE7F200CAB75F /* Pokemon.swift */,
				BBF8AEC5203E38AF00CAB75F /* Type.swift */,
				BBF8AECD203F660400CAB75F /* PokemonSpecies.swift */,
				BBF8AECF2040C72E00CAB75F /* FlavorText.swift */,
				BBF8AED12040C78600CAB75F /* Language.swift */,
				BBD8AFC12040E96A009F302F /* PokemonStat.swift */,
			);
			path = Models;
			sourceTree = "<group>";
		};
		BBF8AEB2203BE99E00CAB75F /* View */ = {
			isa = PBXGroup;
			children = (
				BBF8AEBC203CD76500CAB75F /* PokeCollectionViewCell.xib */,
				BBF8AEBB203CD76500CAB75F /* PokeCollectionViewCell.swift */,
				BBF8AE90203BE7DB00CAB75F /* Main.storyboard */,
				BB849F0220525C8E00F33E4E /* PokemonView.xib */,
			);
			path = View;
			sourceTree = "<group>";
		};
		BBF8AEB8203CC16D00CAB75F /* Helpers */ = {
			isa = PBXGroup;
			children = (
				BBF8AEC3203E25EB00CAB75F /* loadImage.swift */,
			);
			path = Helpers;
			sourceTree = "<group>";
		};
		C2455F5920538CE600FC158B /* Services */ = {
			isa = PBXGroup;
			children = (
				BBD8AFC720411735009F302F /* NetworkManagerService.swift */,
				BBF8AEB9203CC26400CAB75F /* NetworkManager.swift */,
				C2455F5A20538D7D00FC158B /* DataPersistentManager.swift */,
			);
			path = Services;
			sourceTree = "<group>";
		};
/* End PBXGroup section */

/* Begin PBXNativeTarget section */
		BBF8AE88203BE7DA00CAB75F /* Pokedex */ = {
			isa = PBXNativeTarget;
			buildConfigurationList = BBF8AEA9203BE7DB00CAB75F /* Build configuration list for PBXNativeTarget "Pokedex" */;
			buildPhases = (
				BBF8AE85203BE7DA00CAB75F /* Sources */,
				BBF8AE86203BE7DA00CAB75F /* Frameworks */,
				BBF8AE87203BE7DA00CAB75F /* Resources */,
			);
			buildRules = (
			);
			dependencies = (
			);
			name = Pokedex;
			productName = Pokedex;
			productReference = BBF8AE89203BE7DB00CAB75F /* Pokedex.app */;
			productType = "com.apple.product-type.application";
		};
		BBF8AE9F203BE7DB00CAB75F /* PokedexTests */ = {
			isa = PBXNativeTarget;
			buildConfigurationList = BBF8AEAC203BE7DB00CAB75F /* Build configuration list for PBXNativeTarget "PokedexTests" */;
			buildPhases = (
				BBF8AE9C203BE7DB00CAB75F /* Sources */,
				BBF8AE9D203BE7DB00CAB75F /* Frameworks */,
				BBF8AE9E203BE7DB00CAB75F /* Resources */,
			);
			buildRules = (
			);
			dependencies = (
				BBF8AEA2203BE7DB00CAB75F /* PBXTargetDependency */,
			);
			name = PokedexTests;
			productName = PokedexTests;
			productReference = BBF8AEA0203BE7DB00CAB75F /* PokedexTests.xctest */;
			productType = "com.apple.product-type.bundle.unit-test";
		};
/* End PBXNativeTarget section */

/* Begin PBXProject section */
		BBF8AE81203BE7DA00CAB75F /* Project object */ = {
			isa = PBXProject;
			attributes = {
				LastSwiftUpdateCheck = 0920;
				LastUpgradeCheck = 0920;
				ORGANIZATIONNAME = angel;
				TargetAttributes = {
					BBF8AE88203BE7DA00CAB75F = {
						CreatedOnToolsVersion = 9.2;
						ProvisioningStyle = Automatic;
					};
					BBF8AE9F203BE7DB00CAB75F = {
						CreatedOnToolsVersion = 9.2;
						ProvisioningStyle = Automatic;
						TestTargetID = BBF8AE88203BE7DA00CAB75F;
					};
				};
			};
			buildConfigurationList = BBF8AE84203BE7DA00CAB75F /* Build configuration list for PBXProject "Pokedex" */;
			compatibilityVersion = "Xcode 8.0";
			developmentRegion = en;
			hasScannedForEncodings = 0;
			knownRegions = (
				en,
				Base,
			);
			mainGroup = BBF8AE80203BE7DA00CAB75F;
			productRefGroup = BBF8AE8A203BE7DB00CAB75F /* Products */;
			projectDirPath = "";
			projectRoot = "";
			targets = (
				BBF8AE88203BE7DA00CAB75F /* Pokedex */,
				BBF8AE9F203BE7DB00CAB75F /* PokedexTests */,
			);
		};
/* End PBXProject section */

/* Begin PBXResourcesBuildPhase section */
		BBF8AE87203BE7DA00CAB75F /* Resources */ = {
			isa = PBXResourcesBuildPhase;
			buildActionMask = 2147483647;
			files = (
				BBF8AE9A203BE7DB00CAB75F /* LaunchScreen.storyboard in Resources */,
				BBF8AEBE203CD76500CAB75F /* PokeCollectionViewCell.xib in Resources */,
				BB849F0320525C8E00F33E4E /* PokemonView.xib in Resources */,
				BBF8AE97203BE7DB00CAB75F /* Assets.xcassets in Resources */,
				BBF8AE92203BE7DB00CAB75F /* Main.storyboard in Resources */,
			);
			runOnlyForDeploymentPostprocessing = 0;
		};
		BBF8AE9E203BE7DB00CAB75F /* Resources */ = {
			isa = PBXResourcesBuildPhase;
			buildActionMask = 2147483647;
			files = (
			);
			runOnlyForDeploymentPostprocessing = 0;
		};
/* End PBXResourcesBuildPhase section */

/* Begin PBXSourcesBuildPhase section */
		BBF8AE85203BE7DA00CAB75F /* Sources */ = {
			isa = PBXSourcesBuildPhase;
			buildActionMask = 2147483647;
			files = (
				BBF8AEB0203BE7F200CAB75F /* Pokemon.swift in Sources */,
				BBF8AE95203BE7DB00CAB75F /* Pokedex.xcdatamodeld in Sources */,
				BBD8AFC22040E96A009F302F /* PokemonStat.swift in Sources */,
				BBF8AEBA203CC26400CAB75F /* NetworkManager.swift in Sources */,
				BBF8AEC8203E422600CAB75F /* PokeViewController.swift in Sources */,
				BBD8AFC62040EC08009F302F /* Name.swift in Sources */,
				BBF8AE8D203BE7DB00CAB75F /* AppDelegate.swift in Sources */,
				C2455F5B20538D7D00FC158B /* DataPersistentManager.swift in Sources */,
				BBF8AEBD203CD76500CAB75F /* PokeCollectionViewCell.swift in Sources */,
				BBF8AEC6203E38AF00CAB75F /* Type.swift in Sources */,
				BBF8AECE203F660400CAB75F /* PokemonSpecies.swift in Sources */,
				BBF8AEC0203CD96200CAB75F /* PokedexViewController.swift in Sources */,
				BBF8AEB7203CC10400CAB75F /* NetworkManagerDelegate.swift in Sources */,
				BBF8AECA203F3CB400CAB75F /* Search.swift in Sources */,
				BBF8AED22040C78600CAB75F /* Language.swift in Sources */,
				BBF8AED02040C72E00CAB75F /* FlavorText.swift in Sources */,
				BBD8AFC820411735009F302F /* NetworkManagerService.swift in Sources */,
				BBF8AEC4203E25EB00CAB75F /* loadImage.swift in Sources */,
			);
			runOnlyForDeploymentPostprocessing = 0;
		};
		BBF8AE9C203BE7DB00CAB75F /* Sources */ = {
			isa = PBXSourcesBuildPhase;
			buildActionMask = 2147483647;
			files = (
				BBF8AEA5203BE7DB00CAB75F /* PokedexTests.swift in Sources */,
			);
			runOnlyForDeploymentPostprocessing = 0;
		};
/* End PBXSourcesBuildPhase section */

/* Begin PBXTargetDependency section */
		BBF8AEA2203BE7DB00CAB75F /* PBXTargetDependency */ = {
			isa = PBXTargetDependency;
			target = BBF8AE88203BE7DA00CAB75F /* Pokedex */;
			targetProxy = BBF8AEA1203BE7DB00CAB75F /* PBXContainerItemProxy */;
		};
/* End PBXTargetDependency section */

/* Begin PBXVariantGroup section */
		BBF8AE90203BE7DB00CAB75F /* Main.storyboard */ = {
			isa = PBXVariantGroup;
			children = (
				BBF8AE91203BE7DB00CAB75F /* Base */,
			);
			name = Main.storyboard;
			sourceTree = "<group>";
		};
		BBF8AE98203BE7DB00CAB75F /* LaunchScreen.storyboard */ = {
			isa = PBXVariantGroup;
			children = (
				BBF8AE99203BE7DB00CAB75F /* Base */,
			);
			name = LaunchScreen.storyboard;
			sourceTree = "<group>";
		};
/* End PBXVariantGroup section */

/* Begin XCBuildConfiguration section */
		BBF8AEA7203BE7DB00CAB75F /* Debug */ = {
			isa = XCBuildConfiguration;
			buildSettings = {
				ALWAYS_SEARCH_USER_PATHS = NO;
				CLANG_ANALYZER_NONNULL = YES;
				CLANG_ANALYZER_NUMBER_OBJECT_CONVERSION = YES_AGGRESSIVE;
				CLANG_CXX_LANGUAGE_STANDARD = "gnu++14";
				CLANG_CXX_LIBRARY = "libc++";
				CLANG_ENABLE_MODULES = YES;
				CLANG_ENABLE_OBJC_ARC = YES;
				CLANG_WARN_BLOCK_CAPTURE_AUTORELEASING = YES;
				CLANG_WARN_BOOL_CONVERSION = YES;
				CLANG_WARN_COMMA = YES;
				CLANG_WARN_CONSTANT_CONVERSION = YES;
				CLANG_WARN_DIRECT_OBJC_ISA_USAGE = YES_ERROR;
				CLANG_WARN_DOCUMENTATION_COMMENTS = YES;
				CLANG_WARN_EMPTY_BODY = YES;
				CLANG_WARN_ENUM_CONVERSION = YES;
				CLANG_WARN_INFINITE_RECURSION = YES;
				CLANG_WARN_INT_CONVERSION = YES;
				CLANG_WARN_NON_LITERAL_NULL_CONVERSION = YES;
				CLANG_WARN_OBJC_LITERAL_CONVERSION = YES;
				CLANG_WARN_OBJC_ROOT_CLASS = YES_ERROR;
				CLANG_WARN_RANGE_LOOP_ANALYSIS = YES;
				CLANG_WARN_STRICT_PROTOTYPES = YES;
				CLANG_WARN_SUSPICIOUS_MOVE = YES;
				CLANG_WARN_UNGUARDED_AVAILABILITY = YES_AGGRESSIVE;
				CLANG_WARN_UNREACHABLE_CODE = YES;
				CLANG_WARN__DUPLICATE_METHOD_MATCH = YES;
				CODE_SIGN_IDENTITY = "iPhone Developer";
				COPY_PHASE_STRIP = NO;
				DEBUG_INFORMATION_FORMAT = dwarf;
				ENABLE_STRICT_OBJC_MSGSEND = YES;
				ENABLE_TESTABILITY = YES;
				GCC_C_LANGUAGE_STANDARD = gnu11;
				GCC_DYNAMIC_NO_PIC = NO;
				GCC_NO_COMMON_BLOCKS = YES;
				GCC_OPTIMIZATION_LEVEL = 0;
				GCC_PREPROCESSOR_DEFINITIONS = (
					"DEBUG=1",
					"$(inherited)",
				);
				GCC_WARN_64_TO_32_BIT_CONVERSION = YES;
				GCC_WARN_ABOUT_RETURN_TYPE = YES_ERROR;
				GCC_WARN_UNDECLARED_SELECTOR = YES;
				GCC_WARN_UNINITIALIZED_AUTOS = YES_AGGRESSIVE;
				GCC_WARN_UNUSED_FUNCTION = YES;
				GCC_WARN_UNUSED_VARIABLE = YES;
				IPHONEOS_DEPLOYMENT_TARGET = 11.2;
				MTL_ENABLE_DEBUG_INFO = YES;
				ONLY_ACTIVE_ARCH = YES;
				SDKROOT = iphoneos;
				SWIFT_ACTIVE_COMPILATION_CONDITIONS = DEBUG;
				SWIFT_OPTIMIZATION_LEVEL = "-Onone";
			};
			name = Debug;
		};
		BBF8AEA8203BE7DB00CAB75F /* Release */ = {
			isa = XCBuildConfiguration;
			buildSettings = {
				ALWAYS_SEARCH_USER_PATHS = NO;
				CLANG_ANALYZER_NONNULL = YES;
				CLANG_ANALYZER_NUMBER_OBJECT_CONVERSION = YES_AGGRESSIVE;
				CLANG_CXX_LANGUAGE_STANDARD = "gnu++14";
				CLANG_CXX_LIBRARY = "libc++";
				CLANG_ENABLE_MODULES = YES;
				CLANG_ENABLE_OBJC_ARC = YES;
				CLANG_WARN_BLOCK_CAPTURE_AUTORELEASING = YES;
				CLANG_WARN_BOOL_CONVERSION = YES;
				CLANG_WARN_COMMA = YES;
				CLANG_WARN_CONSTANT_CONVERSION = YES;
				CLANG_WARN_DIRECT_OBJC_ISA_USAGE = YES_ERROR;
				CLANG_WARN_DOCUMENTATION_COMMENTS = YES;
				CLANG_WARN_EMPTY_BODY = YES;
				CLANG_WARN_ENUM_CONVERSION = YES;
				CLANG_WARN_INFINITE_RECURSION = YES;
				CLANG_WARN_INT_CONVERSION = YES;
				CLANG_WARN_NON_LITERAL_NULL_CONVERSION = YES;
				CLANG_WARN_OBJC_LITERAL_CONVERSION = YES;
				CLANG_WARN_OBJC_ROOT_CLASS = YES_ERROR;
				CLANG_WARN_RANGE_LOOP_ANALYSIS = YES;
				CLANG_WARN_STRICT_PROTOTYPES = YES;
				CLANG_WARN_SUSPICIOUS_MOVE = YES;
				CLANG_WARN_UNGUARDED_AVAILABILITY = YES_AGGRESSIVE;
				CLANG_WARN_UNREACHABLE_CODE = YES;
				CLANG_WARN__DUPLICATE_METHOD_MATCH = YES;
				CODE_SIGN_IDENTITY = "iPhone Developer";
				COPY_PHASE_STRIP = NO;
				DEBUG_INFORMATION_FORMAT = "dwarf-with-dsym";
				ENABLE_NS_ASSERTIONS = NO;
				ENABLE_STRICT_OBJC_MSGSEND = YES;
				GCC_C_LANGUAGE_STANDARD = gnu11;
				GCC_NO_COMMON_BLOCKS = YES;
				GCC_WARN_64_TO_32_BIT_CONVERSION = YES;
				GCC_WARN_ABOUT_RETURN_TYPE = YES_ERROR;
				GCC_WARN_UNDECLARED_SELECTOR = YES;
				GCC_WARN_UNINITIALIZED_AUTOS = YES_AGGRESSIVE;
				GCC_WARN_UNUSED_FUNCTION = YES;
				GCC_WARN_UNUSED_VARIABLE = YES;
				IPHONEOS_DEPLOYMENT_TARGET = 11.2;
				MTL_ENABLE_DEBUG_INFO = NO;
				SDKROOT = iphoneos;
				SWIFT_OPTIMIZATION_LEVEL = "-Owholemodule";
				VALIDATE_PRODUCT = YES;
			};
			name = Release;
		};
		BBF8AEAA203BE7DB00CAB75F /* Debug */ = {
			isa = XCBuildConfiguration;
			buildSettings = {
				ASSETCATALOG_COMPILER_APPICON_NAME = AppIcon;
				CODE_SIGN_STYLE = Automatic;
				DEVELOPMENT_TEAM = D69X76TN8G;
				INFOPLIST_FILE = Pokedex/Info.plist;
				LD_RUNPATH_SEARCH_PATHS = "$(inherited) @executable_path/Frameworks";
				PRODUCT_BUNDLE_IDENTIFIER = angel.Pokedex;
				PRODUCT_NAME = "$(TARGET_NAME)";
				SWIFT_VERSION = 4.0;
				TARGETED_DEVICE_FAMILY = "1,2";
			};
			name = Debug;
		};
		BBF8AEAB203BE7DB00CAB75F /* Release */ = {
			isa = XCBuildConfiguration;
			buildSettings = {
				ASSETCATALOG_COMPILER_APPICON_NAME = AppIcon;
				CODE_SIGN_STYLE = Automatic;
				DEVELOPMENT_TEAM = D69X76TN8G;
				INFOPLIST_FILE = Pokedex/Info.plist;
				LD_RUNPATH_SEARCH_PATHS = "$(inherited) @executable_path/Frameworks";
				PRODUCT_BUNDLE_IDENTIFIER = angel.Pokedex;
				PRODUCT_NAME = "$(TARGET_NAME)";
				SWIFT_VERSION = 4.0;
				TARGETED_DEVICE_FAMILY = "1,2";
			};
			name = Release;
		};
		BBF8AEAD203BE7DB00CAB75F /* Debug */ = {
			isa = XCBuildConfiguration;
			buildSettings = {
				ALWAYS_EMBED_SWIFT_STANDARD_LIBRARIES = YES;
				BUNDLE_LOADER = "$(TEST_HOST)";
				CODE_SIGN_STYLE = Automatic;
				INFOPLIST_FILE = PokedexTests/Info.plist;
				LD_RUNPATH_SEARCH_PATHS = "$(inherited) @executable_path/Frameworks @loader_path/Frameworks";
				PRODUCT_BUNDLE_IDENTIFIER = angel.PokedexTests;
				PRODUCT_NAME = "$(TARGET_NAME)";
				SWIFT_VERSION = 4.0;
				TARGETED_DEVICE_FAMILY = "1,2";
				TEST_HOST = "$(BUILT_PRODUCTS_DIR)/Pokedex.app/Pokedex";
			};
			name = Debug;
		};
		BBF8AEAE203BE7DB00CAB75F /* Release */ = {
			isa = XCBuildConfiguration;
			buildSettings = {
				ALWAYS_EMBED_SWIFT_STANDARD_LIBRARIES = YES;
				BUNDLE_LOADER = "$(TEST_HOST)";
				CODE_SIGN_STYLE = Automatic;
				INFOPLIST_FILE = PokedexTests/Info.plist;
				LD_RUNPATH_SEARCH_PATHS = "$(inherited) @executable_path/Frameworks @loader_path/Frameworks";
				PRODUCT_BUNDLE_IDENTIFIER = angel.PokedexTests;
				PRODUCT_NAME = "$(TARGET_NAME)";
				SWIFT_VERSION = 4.0;
				TARGETED_DEVICE_FAMILY = "1,2";
				TEST_HOST = "$(BUILT_PRODUCTS_DIR)/Pokedex.app/Pokedex";
			};
			name = Release;
		};
/* End XCBuildConfiguration section */

/* Begin XCConfigurationList section */
		BBF8AE84203BE7DA00CAB75F /* Build configuration list for PBXProject "Pokedex" */ = {
			isa = XCConfigurationList;
			buildConfigurations = (
				BBF8AEA7203BE7DB00CAB75F /* Debug */,
				BBF8AEA8203BE7DB00CAB75F /* Release */,
			);
			defaultConfigurationIsVisible = 0;
			defaultConfigurationName = Release;
		};
		BBF8AEA9203BE7DB00CAB75F /* Build configuration list for PBXNativeTarget "Pokedex" */ = {
			isa = XCConfigurationList;
			buildConfigurations = (
				BBF8AEAA203BE7DB00CAB75F /* Debug */,
				BBF8AEAB203BE7DB00CAB75F /* Release */,
			);
			defaultConfigurationIsVisible = 0;
			defaultConfigurationName = Release;
		};
		BBF8AEAC203BE7DB00CAB75F /* Build configuration list for PBXNativeTarget "PokedexTests" */ = {
			isa = XCConfigurationList;
			buildConfigurations = (
				BBF8AEAD203BE7DB00CAB75F /* Debug */,
				BBF8AEAE203BE7DB00CAB75F /* Release */,
			);
			defaultConfigurationIsVisible = 0;
			defaultConfigurationName = Release;
		};
/* End XCConfigurationList section */

/* Begin XCVersionGroup section */
		BBF8AE93203BE7DB00CAB75F /* Pokedex.xcdatamodeld */ = {
			isa = XCVersionGroup;
			children = (
				BBF8AE94203BE7DB00CAB75F /* Pokedex.xcdatamodel */,
			);
			currentVersion = BBF8AE94203BE7DB00CAB75F /* Pokedex.xcdatamodel */;
			path = Pokedex.xcdatamodeld;
			sourceTree = "<group>";
			versionGroupType = wrapper.xcdatamodel;
		};
/* End XCVersionGroup section */
	};
	rootObject = BBF8AE81203BE7DA00CAB75F /* Project object */;
}
